{
  "name": "codexrepo-server",
  "version": "1.0.0",
  "lockfileVersion": 3,
  "requires": true,
  "packages": {
    "": {
      "name": "codexrepo-server",
      "version": "1.0.0",
      "dependencies": {
        "@fastify/cors": "^10.0.0",
        "@fastify/multipart": "^9.0.0",
        "@fastify/rate-limit": "^8.0.0",
        "fastify": "^4.28.1",
        "helmet": "^7.1.0",
        "zod": "^3.23.8",
        "fastify-swagger": "^8.14.0"
      },
      "devDependencies": {
        "@types/node": "^20.11.30",
        "tsx": "^4.19.2",
        "typescript": "^5.6.3"
      }
    }
  }
}
